
Microsoft Visual Studio Solution File, Format Version 12.00
# Visual Studio 15
VisualStudioVersion = 15.0.26510.0
MinimumVisualStudioVersion = 10.0.40219.1
Project("{8BC9CEB8-8B4A-11D0-8D11-00A0C91BC942}") = "wscitecm", "wscitecm.vcxproj", "{37E1903F-2C93-14E4-3C58-E1296275F5E5}"
EndProject
Project("{54435603-DBB4-11D2-8724-00A0C9A8B90C}") = "wscitecm_mergemodule", "wscitecm_mergemodule\wscitecm_mergemodule.vdproj", "{E04BA11B-46BB-4A95-9AF2-C1E9FA0A1D2F}"
EndProject
Project("{54435603-DBB4-11D2-8724-00A0C9A8B90C}") = "wscitecm_mergemodulex64", "wscitecm_mergemodulex64\wscitecm_mergemodulex64.vdproj", "{AE10BF1D-178E-4915-B427-45998A38DDF6}"
EndProject
Project("{8BC9CEB8-8B4A-11D0-8D11-00A0C91BC942}") = "shchange", "..\scite-win32\shchange\shchange\shchange.vcxproj", "{B7325A66-FB98-4C11-B799-EBFA5D7012C6}"
EndProject
Global
	GlobalSection(SolutionConfigurationPlatforms) = preSolution
		Debug|Win32 = Debug|Win32
		Debug|x64 = Debug|x64
		Release|Win32 = Release|Win32
		Release|x64 = Release|x64
	EndGlobalSection
	GlobalSection(ProjectConfigurationPlatforms) = postSolution
		{37E1903F-2C93-14E4-3C58-E1296275F5E5}.Debug|Win32.ActiveCfg = Debug|Win32
		{37E1903F-2C93-14E4-3C58-E1296275F5E5}.Debug|Win32.Build.0 = Debug|Win32
		{37E1903F-2C93-14E4-3C58-E1296275F5E5}.Debug|x64.ActiveCfg = Debug|x64
		{37E1903F-2C93-14E4-3C58-E1296275F5E5}.Debug|x64.Build.0 = Debug|x64
		{37E1903F-2C93-14E4-3C58-E1296275F5E5}.Release|Win32.ActiveCfg = Release|Win32
		{37E1903F-2C93-14E4-3C58-E1296275F5E5}.Release|Win32.Build.0 = Release|Win32
		{37E1903F-2C93-14E4-3C58-E1296275F5E5}.Release|x64.ActiveCfg = Release|x64
		{37E1903F-2C93-14E4-3C58-E1296275F5E5}.Release|x64.Build.0 = Release|x64
		{E04BA11B-46BB-4A95-9AF2-C1E9FA0A1D2F}.Debug|Win32.ActiveCfg = Debug
		{E04BA11B-46BB-4A95-9AF2-C1E9FA0A1D2F}.Debug|Win32.Build.0 = Debug
		{E04BA11B-46BB-4A95-9AF2-C1E9FA0A1D2F}.Debug|x64.ActiveCfg = Debug
		{E04BA11B-46BB-4A95-9AF2-C1E9FA0A1D2F}.Debug|x64.Build.0 = Debug
		{E04BA11B-46BB-4A95-9AF2-C1E9FA0A1D2F}.Release|Win32.ActiveCfg = Release
		{E04BA11B-46BB-4A95-9AF2-C1E9FA0A1D2F}.Release|Win32.Build.0 = Release
		{E04BA11B-46BB-4A95-9AF2-C1E9FA0A1D2F}.Release|x64.ActiveCfg = Release
		{E04BA11B-46BB-4A95-9AF2-C1E9FA0A1D2F}.Release|x64.Build.0 = Release
		{AE10BF1D-178E-4915-B427-45998A38DDF6}.Debug|Win32.ActiveCfg = Debug
		{AE10BF1D-178E-4915-B427-45998A38DDF6}.Debug|Win32.Build.0 = Debug
		{AE10BF1D-178E-4915-B427-45998A38DDF6}.Debug|x64.ActiveCfg = Debug
		{AE10BF1D-178E-4915-B427-45998A38DDF6}.Debug|x64.Build.0 = Debug
		{AE10BF1D-178E-4915-B427-45998A38DDF6}.Release|Win32.ActiveCfg = Release
		{AE10BF1D-178E-4915-B427-45998A38DDF6}.Release|Win32.Build.0 = Release
		{AE10BF1D-178E-4915-B427-45998A38DDF6}.Release|x64.ActiveCfg = Release
		{AE10BF1D-178E-4915-B427-45998A38DDF6}.Release|x64.Build.0 = Release
		{B7325A66-FB98-4C11-B799-EBFA5D7012C6}.Debug|Win32.ActiveCfg = Debug|Win32
		{B7325A66-FB98-4C11-B799-EBFA5D7012C6}.Debug|Win32.Build.0 = Debug|Win32
		{B7325A66-FB98-4C11-B799-EBFA5D7012C6}.Debug|x64.ActiveCfg = Debug|x64
		{B7325A66-FB98-4C11-B799-EBFA5D7012C6}.Debug|x64.Build.0 = Debug|x64
		{B7325A66-FB98-4C11-B799-EBFA5D7012C6}.Release|Win32.ActiveCfg = Release|Win32
		{B7325A66-FB98-4C11-B799-EBFA5D7012C6}.Release|Win32.Build.0 = Release|Win32
		{B7325A66-FB98-4C11-B799-EBFA5D7012C6}.Release|x64.ActiveCfg = Release|x64
		{B7325A66-FB98-4C11-B799-EBFA5D7012C6}.Release|x64.Build.0 = Release|x64
	EndGlobalSection
	GlobalSection(SolutionProperties) = preSolution
		HideSolutionNode = FALSE
	EndGlobalSection
EndGlobal
